// !$*UTF8*$!
{
	archiveVersion = 1;
	classes = {
	};
	objectVersion = 56;
	objects = {

/* Begin PBXBuildFile section */
		30C0CC872C41BC2D00D194B0 /* AppDelegate.swift in Sources */ = {isa = PBXBuildFile; fileRef = 30C0CC862C41BC2D00D194B0 /* AppDelegate.swift */; };
		30C0CC892C41BC2D00D194B0 /* SceneDelegate.swift in Sources */ = {isa = PBXBuildFile; fileRef = 30C0CC882C41BC2D00D194B0 /* SceneDelegate.swift */; };
		30C0CC8B2C41BC2D00D194B0 /* ViewController.swift in Sources */ = {isa = PBXBuildFile; fileRef = 30C0CC8A2C41BC2D00D194B0 /* ViewController.swift */; };
		30C0CC8E2C41BC2D00D194B0 /* Base in Resources */ = {isa = PBXBuildFile; fileRef = 30C0CC8D2C41BC2D00D194B0 /* Base */; };
		30C0CC902C41BC2F00D194B0 /* Assets.xcassets in Resources */ = {isa = PBXBuildFile; fileRef = 30C0CC8F2C41BC2F00D194B0 /* Assets.xcassets */; };
		30C0CC932C41BC2F00D194B0 /* Base in Resources */ = {isa = PBXBuildFile; fileRef = 30C0CC922C41BC2F00D194B0 /* Base */; };
		30C0CC9C2C41BC5300D194B0 /* MainView.swift in Sources */ = {isa = PBXBuildFile; fileRef = 30C0CC9B2C41BC5300D194B0 /* MainView.swift */; };
		30C0CC9F2C41BF7B00D194B0 /* ChoicebuttonView.swift in Sources */ = {isa = PBXBuildFile; fileRef = 30C0CC9E2C41BF7B00D194B0 /* ChoicebuttonView.swift */; };
		30C0CCA12C41C2EC00D194B0 /* ToolbarView.swift in Sources */ = {isa = PBXBuildFile; fileRef = 30C0CCA02C41C2EC00D194B0 /* ToolbarView.swift */; };
		30C0CCA42C41C34900D194B0 /* WaterViewModel.swift in Sources */ = {isa = PBXBuildFile; fileRef = 30C0CCA32C41C34900D194B0 /* WaterViewModel.swift */; };
		30C0CCA72C41C5DC00D194B0 /* WaterView.swift in Sources */ = {isa = PBXBuildFile; fileRef = 30C0CCA62C41C5DC00D194B0 /* WaterView.swift */; };
		30C0CCA92C41CB6400D194B0 /* ProgressCircleView.swift in Sources */ = {isa = PBXBuildFile; fileRef = 30C0CCA82C41CB6400D194B0 /* ProgressCircleView.swift */; };
		30C0CCAB2C41CDF700D194B0 /* OrangeButtonView.swift in Sources */ = {isa = PBXBuildFile; fileRef = 30C0CCAA2C41CDF700D194B0 /* OrangeButtonView.swift */; };
		30C0CCAE2C41CEC200D194B0 /* WaterCellView.swift in Sources */ = {isa = PBXBuildFile; fileRef = 30C0CCAD2C41CEC200D194B0 /* WaterCellView.swift */; };
		30C0CCB02C42604900D194B0 /* NewWaterView.swift in Sources */ = {isa = PBXBuildFile; fileRef = 30C0CCAF2C42604900D194B0 /* NewWaterView.swift */; };
		30C0CCB42C42649800D194B0 /* AquaStepTracker.xcdatamodeld in Sources */ = {isa = PBXBuildFile; fileRef = 30C0CCB22C42649800D194B0 /* AquaStepTracker.xcdatamodeld */; };
		30C0CCB62C4264E600D194B0 /* CoreDataManager.swift in Sources */ = {isa = PBXBuildFile; fileRef = 30C0CCB52C4264E600D194B0 /* CoreDataManager.swift */; };
		30C0CCB92C428FD400D194B0 /* StepsView.swift in Sources */ = {isa = PBXBuildFile; fileRef = 30C0CCB82C428FD400D194B0 /* StepsView.swift */; };
		30C0CCBB2C428FE200D194B0 /* StepsViewModel.swift in Sources */ = {isa = PBXBuildFile; fileRef = 30C0CCBA2C428FE200D194B0 /* StepsViewModel.swift */; };
		30C0CCBD2C42933A00D194B0 /* backgroundView.swift in Sources */ = {isa = PBXBuildFile; fileRef = 30C0CCBC2C42933A00D194B0 /* backgroundView.swift */; };
		30C0CCBF2C4295EA00D194B0 /* NewStepsView.swift in Sources */ = {isa = PBXBuildFile; fileRef = 30C0CCBE2C4295EA00D194B0 /* NewStepsView.swift */; };
		30C0CCC12C4296AA00D194B0 /* StepsCellView.swift in Sources */ = {isa = PBXBuildFile; fileRef = 30C0CCC02C4296AA00D194B0 /* StepsCellView.swift */; };
/* End PBXBuildFile section */

/* Begin PBXFileReference section */
		30C0CC832C41BC2D00D194B0 /* AquaSteptracker.app */ = {isa = PBXFileReference; explicitFileType = wrapper.application; includeInIndex = 0; path = AquaSteptracker.app; sourceTree = BUILT_PRODUCTS_DIR; };
		30C0CC862C41BC2D00D194B0 /* AppDelegate.swift */ = {isa = PBXFileReference; lastKnownFileType = sourcecode.swift; path = AppDelegate.swift; sourceTree = "<group>"; };
		30C0CC882C41BC2D00D194B0 /* SceneDelegate.swift */ = {isa = PBXFileReference; lastKnownFileType = sourcecode.swift; path = SceneDelegate.swift; sourceTree = "<group>"; };
		30C0CC8A2C41BC2D00D194B0 /* ViewController.swift */ = {isa = PBXFileReference; lastKnownFileType = sourcecode.swift; path = ViewController.swift; sourceTree = "<group>"; };
		30C0CC8D2C41BC2D00D194B0 /* Base */ = {isa = PBXFileReference; lastKnownFileType = file.storyboard; name = Base; path = Base.lproj/Main.storyboard; sourceTree = "<group>"; };
		30C0CC8F2C41BC2F00D194B0 /* Assets.xcassets */ = {isa = PBXFileReference; lastKnownFileType = folder.assetcatalog; path = Assets.xcassets; sourceTree = "<group>"; };
		30C0CC922C41BC2F00D194B0 /* Base */ = {isa = PBXFileReference; lastKnownFileType = file.storyboard; name = Base; path = Base.lproj/LaunchScreen.storyboard; sourceTree = "<group>"; };
		30C0CC942C41BC2F00D194B0 /* Info.plist */ = {isa = PBXFileReference; lastKnownFileType = text.plist.xml; path = Info.plist; sourceTree = "<group>"; };
		30C0CC9B2C41BC5300D194B0 /* MainView.swift */ = {isa = PBXFileReference; lastKnownFileType = sourcecode.swift; path = MainView.swift; sourceTree = "<group>"; };
		30C0CC9E2C41BF7B00D194B0 /* ChoicebuttonView.swift */ = {isa = PBXFileReference; lastKnownFileType = sourcecode.swift; path = ChoicebuttonView.swift; sourceTree = "<group>"; };
		30C0CCA02C41C2EC00D194B0 /* ToolbarView.swift */ = {isa = PBXFileReference; lastKnownFileType = sourcecode.swift; path = ToolbarView.swift; sourceTree = "<group>"; };
		30C0CCA32C41C34900D194B0 /* WaterViewModel.swift */ = {isa = PBXFileReference; lastKnownFileType = sourcecode.swift; path = WaterViewModel.swift; sourceTree = "<group>"; };
		30C0CCA62C41C5DC00D194B0 /* WaterView.swift */ = {isa = PBXFileReference; lastKnownFileType = sourcecode.swift; path = WaterView.swift; sourceTree = "<group>"; };
		30C0CCA82C41CB6400D194B0 /* ProgressCircleView.swift */ = {isa = PBXFileReference; lastKnownFileType = sourcecode.swift; path = ProgressCircleView.swift; sourceTree = "<group>"; };
		30C0CCAA2C41CDF700D194B0 /* OrangeButtonView.swift */ = {isa = PBXFileReference; lastKnownFileType = sourcecode.swift; path = OrangeButtonView.swift; sourceTree = "<group>"; };
		30C0CCAD2C41CEC200D194B0 /* WaterCellView.swift */ = {isa = PBXFileReference; lastKnownFileType = sourcecode.swift; path = WaterCellView.swift; sourceTree = "<group>"; };
		30C0CCAF2C42604900D194B0 /* NewWaterView.swift */ = {isa = PBXFileReference; lastKnownFileType = sourcecode.swift; path = NewWaterView.swift; sourceTree = "<group>"; };
		30C0CCB32C42649800D194B0 /* AquaStepTracker.xcdatamodel */ = {isa = PBXFileReference; lastKnownFileType = wrapper.xcdatamodel; path = AquaStepTracker.xcdatamodel; sourceTree = "<group>"; };
		30C0CCB52C4264E600D194B0 /* CoreDataManager.swift */ = {isa = PBXFileReference; lastKnownFileType = sourcecode.swift; path = CoreDataManager.swift; sourceTree = "<group>"; };
		30C0CCB82C428FD400D194B0 /* StepsView.swift */ = {isa = PBXFileReference; lastKnownFileType = sourcecode.swift; path = StepsView.swift; sourceTree = "<group>"; };
		30C0CCBA2C428FE200D194B0 /* StepsViewModel.swift */ = {isa = PBXFileReference; lastKnownFileType = sourcecode.swift; path = StepsViewModel.swift; sourceTree = "<group>"; };
		30C0CCBC2C42933A00D194B0 /* backgroundView.swift */ = {isa = PBXFileReference; lastKnownFileType = sourcecode.swift; path = backgroundView.swift; sourceTree = "<group>"; };
		30C0CCBE2C4295EA00D194B0 /* NewStepsView.swift */ = {isa = PBXFileReference; lastKnownFileType = sourcecode.swift; path = NewStepsView.swift; sourceTree = "<group>"; };
		30C0CCC02C4296AA00D194B0 /* StepsCellView.swift */ = {isa = PBXFileReference; lastKnownFileType = sourcecode.swift; path = StepsCellView.swift; sourceTree = "<group>"; };
/* End PBXFileReference section */

/* Begin PBXFrameworksBuildPhase section */
		30C0CC802C41BC2D00D194B0 /* Frameworks */ = {
			isa = PBXFrameworksBuildPhase;
			buildActionMask = 2147483647;
			files = (
			);
			runOnlyForDeploymentPostprocessing = 0;
		};
/* End PBXFrameworksBuildPhase section */

/* Begin PBXGroup section */
		30C0CC7A2C41BC2D00D194B0 = {
			isa = PBXGroup;
			children = (
				30C0CC852C41BC2D00D194B0 /* AquaSteptracker */,
				30C0CC842C41BC2D00D194B0 /* Products */,
			);
			sourceTree = "<group>";
		};
		30C0CC842C41BC2D00D194B0 /* Products */ = {
			isa = PBXGroup;
			children = (
				30C0CC832C41BC2D00D194B0 /* AquaSteptracker.app */,
			);
			name = Products;
			sourceTree = "<group>";
		};
		30C0CC852C41BC2D00D194B0 /* AquaSteptracker */ = {
			isa = PBXGroup;
			children = (
				30C0CCB12C42647300D194B0 /* CoreData */,
				30C0CCAC2C41CEAF00D194B0 /* Cells */,
				30C0CCA22C41C32D00D194B0 /* ViewModels */,
				30C0CC9D2C41BF4400D194B0 /* Helpers */,
				30C0CC9A2C41BC4300D194B0 /* View */,
				30C0CC862C41BC2D00D194B0 /* AppDelegate.swift */,
				30C0CC882C41BC2D00D194B0 /* SceneDelegate.swift */,
				30C0CC8A2C41BC2D00D194B0 /* ViewController.swift */,
				30C0CC8C2C41BC2D00D194B0 /* Main.storyboard */,
				30C0CC8F2C41BC2F00D194B0 /* Assets.xcassets */,
				30C0CC912C41BC2F00D194B0 /* LaunchScreen.storyboard */,
				30C0CC942C41BC2F00D194B0 /* Info.plist */,
			);
			path = AquaSteptracker;
			sourceTree = "<group>";
		};
		30C0CC9A2C41BC4300D194B0 /* View */ = {
			isa = PBXGroup;
			children = (
				30C0CCB72C428FBD00D194B0 /* Step */,
				30C0CCA52C41C5C800D194B0 /* Water */,
				30C0CC9B2C41BC5300D194B0 /* MainView.swift */,
			);
			path = View;
			sourceTree = "<group>";
		};
		30C0CC9D2C41BF4400D194B0 /* Helpers */ = {
			isa = PBXGroup;
			children = (
				30C0CC9E2C41BF7B00D194B0 /* ChoicebuttonView.swift */,
				30C0CCA02C41C2EC00D194B0 /* ToolbarView.swift */,
				30C0CCA82C41CB6400D194B0 /* ProgressCircleView.swift */,
				30C0CCAA2C41CDF700D194B0 /* OrangeButtonView.swift */,
				30C0CCBC2C42933A00D194B0 /* backgroundView.swift */,
			);
			path = Helpers;
			sourceTree = "<group>";
		};
		30C0CCA22C41C32D00D194B0 /* ViewModels */ = {
			isa = PBXGroup;
			children = (
				30C0CCBA2C428FE200D194B0 /* StepsViewModel.swift */,
				30C0CCA32C41C34900D194B0 /* WaterViewModel.swift */,
			);
			path = ViewModels;
			sourceTree = "<group>";
		};
		30C0CCA52C41C5C800D194B0 /* Water */ = {
			isa = PBXGroup;
			children = (
				30C0CCA62C41C5DC00D194B0 /* WaterView.swift */,
				30C0CCAF2C42604900D194B0 /* NewWaterView.swift */,
			);
			path = Water;
			sourceTree = "<group>";
		};
		30C0CCAC2C41CEAF00D194B0 /* Cells */ = {
			isa = PBXGroup;
			children = (
				30C0CCAD2C41CEC200D194B0 /* WaterCellView.swift */,
				30C0CCC02C4296AA00D194B0 /* StepsCellView.swift */,
			);
			path = Cells;
			sourceTree = "<group>";
		};
		30C0CCB12C42647300D194B0 /* CoreData */ = {
			isa = PBXGroup;
			children = (
				30C0CCB22C42649800D194B0 /* AquaStepTracker.xcdatamodeld */,
				30C0CCB52C4264E600D194B0 /* CoreDataManager.swift */,
			);
			path = CoreData;
			sourceTree = "<group>";
		};
		30C0CCB72C428FBD00D194B0 /* Step */ = {
			isa = PBXGroup;
			children = (
				30C0CCB82C428FD400D194B0 /* StepsView.swift */,
				30C0CCBE2C4295EA00D194B0 /* NewStepsView.swift */,
			);
			path = Step;
			sourceTree = "<group>";
		};
/* End PBXGroup section */

/* Begin PBXNativeTarget section */
		30C0CC822C41BC2D00D194B0 /* AquaSteptracker */ = {
			isa = PBXNativeTarget;
			buildConfigurationList = 30C0CC972C41BC2F00D194B0 /* Build configuration list for PBXNativeTarget "AquaSteptracker" */;
			buildPhases = (
				30C0CC7F2C41BC2D00D194B0 /* Sources */,
				30C0CC802C41BC2D00D194B0 /* Frameworks */,
				30C0CC812C41BC2D00D194B0 /* Resources */,
			);
			buildRules = (
			);
			dependencies = (
			);
			name = AquaSteptracker;
			productName = AquaSteptracker;
			productReference = 30C0CC832C41BC2D00D194B0 /* AquaSteptracker.app */;
			productType = "com.apple.product-type.application";
		};
/* End PBXNativeTarget section */

/* Begin PBXProject section */
		30C0CC7B2C41BC2D00D194B0 /* Project object */ = {
			isa = PBXProject;
			attributes = {
				BuildIndependentTargetsInParallel = 1;
				LastSwiftUpdateCheck = 1530;
				LastUpgradeCheck = 1530;
				TargetAttributes = {
					30C0CC822C41BC2D00D194B0 = {
						CreatedOnToolsVersion = 15.3;
					};
				};
			};
			buildConfigurationList = 30C0CC7E2C41BC2D00D194B0 /* Build configuration list for PBXProject "AquaSteptracker" */;
			compatibilityVersion = "Xcode 14.0";
			developmentRegion = en;
			hasScannedForEncodings = 0;
			knownRegions = (
				en,
				Base,
			);
			mainGroup = 30C0CC7A2C41BC2D00D194B0;
			productRefGroup = 30C0CC842C41BC2D00D194B0 /* Products */;
			projectDirPath = "";
			projectRoot = "";
			targets = (
				30C0CC822C41BC2D00D194B0 /* AquaSteptracker */,
			);
		};
/* End PBXProject section */

/* Begin PBXResourcesBuildPhase section */
		30C0CC812C41BC2D00D194B0 /* Resources */ = {
			isa = PBXResourcesBuildPhase;
			buildActionMask = 2147483647;
			files = (
				30C0CC902C41BC2F00D194B0 /* Assets.xcassets in Resources */,
				30C0CC932C41BC2F00D194B0 /* Base in Resources */,
				30C0CC8E2C41BC2D00D194B0 /* Base in Resources */,
			);
			runOnlyForDeploymentPostprocessing = 0;
		};
/* End PBXResourcesBuildPhase section */

/* Begin PBXSourcesBuildPhase section */
		30C0CC7F2C41BC2D00D194B0 /* Sources */ = {
			isa = PBXSourcesBuildPhase;
			buildActionMask = 2147483647;
			files = (
				30C0CCA72C41C5DC00D194B0 /* WaterView.swift in Sources */,
				30C0CC9F2C41BF7B00D194B0 /* ChoicebuttonView.swift in Sources */,
				30C0CCB02C42604900D194B0 /* NewWaterView.swift in Sources */,
				30C0CCBF2C4295EA00D194B0 /* NewStepsView.swift in Sources */,
				30C0CC8B2C41BC2D00D194B0 /* ViewController.swift in Sources */,
				30C0CCA12C41C2EC00D194B0 /* ToolbarView.swift in Sources */,
				30C0CCBD2C42933A00D194B0 /* backgroundView.swift in Sources */,
				30C0CCAB2C41CDF700D194B0 /* OrangeButtonView.swift in Sources */,
				30C0CCA92C41CB6400D194B0 /* ProgressCircleView.swift in Sources */,
				30C0CC9C2C41BC5300D194B0 /* MainView.swift in Sources */,
				30C0CCB92C428FD400D194B0 /* StepsView.swift in Sources */,
				30C0CCAE2C41CEC200D194B0 /* WaterCellView.swift in Sources */,
				30C0CCBB2C428FE200D194B0 /* StepsViewModel.swift in Sources */,
				30C0CCB42C42649800D194B0 /* AquaStepTracker.xcdatamodeld in Sources */,
				30C0CC872C41BC2D00D194B0 /* AppDelegate.swift in Sources */,
				30C0CC892C41BC2D00D194B0 /* SceneDelegate.swift in Sources */,
				30C0CCB62C4264E600D194B0 /* CoreDataManager.swift in Sources */,
				30C0CCA42C41C34900D194B0 /* WaterViewModel.swift in Sources */,
				30C0CCC12C4296AA00D194B0 /* StepsCellView.swift in Sources */,
			);
			runOnlyForDeploymentPostprocessing = 0;
		};
/* End PBXSourcesBuildPhase section */

/* Begin PBXVariantGroup section */
		30C0CC8C2C41BC2D00D194B0 /* Main.storyboard */ = {
			isa = PBXVariantGroup;
			children = (
				30C0CC8D2C41BC2D00D194B0 /* Base */,
			);
			name = Main.storyboard;
			sourceTree = "<group>";
		};
		30C0CC912C41BC2F00D194B0 /* LaunchScreen.storyboard */ = {
			isa = PBXVariantGroup;
			children = (
				30C0CC922C41BC2F00D194B0 /* Base */,
			);
			name = LaunchScreen.storyboard;
			sourceTree = "<group>";
		};
/* End PBXVariantGroup section */

/* Begin XCBuildConfiguration section */
		30C0CC952C41BC2F00D194B0 /* Debug */ = {
			isa = XCBuildConfiguration;
			buildSettings = {
				ALWAYS_SEARCH_USER_PATHS = NO;
				ASSETCATALOG_COMPILER_GENERATE_SWIFT_ASSET_SYMBOL_EXTENSIONS = YES;
				CLANG_ANALYZER_NONNULL = YES;
				CLANG_ANALYZER_NUMBER_OBJECT_CONVERSION = YES_AGGRESSIVE;
				CLANG_CXX_LANGUAGE_STANDARD = "gnu++20";
				CLANG_ENABLE_MODULES = YES;
				CLANG_ENABLE_OBJC_ARC = YES;
				CLANG_ENABLE_OBJC_WEAK = YES;
				CLANG_WARN_BLOCK_CAPTURE_AUTORELEASING = YES;
				CLANG_WARN_BOOL_CONVERSION = YES;
				CLANG_WARN_COMMA = YES;
				CLANG_WARN_CONSTANT_CONVERSION = YES;
				CLANG_WARN_DEPRECATED_OBJC_IMPLEMENTATIONS = YES;
				CLANG_WARN_DIRECT_OBJC_ISA_USAGE = YES_ERROR;
				CLANG_WARN_DOCUMENTATION_COMMENTS = YES;
				CLANG_WARN_EMPTY_BODY = YES;
				CLANG_WARN_ENUM_CONVERSION = YES;
				CLANG_WARN_INFINITE_RECURSION = YES;
				CLANG_WARN_INT_CONVERSION = YES;
				CLANG_WARN_NON_LITERAL_NULL_CONVERSION = YES;
				CLANG_WARN_OBJC_IMPLICIT_RETAIN_SELF = YES;
				CLANG_WARN_OBJC_LITERAL_CONVERSION = YES;
				CLANG_WARN_OBJC_ROOT_CLASS = YES_ERROR;
				CLANG_WARN_QUOTED_INCLUDE_IN_FRAMEWORK_HEADER = YES;
				CLANG_WARN_RANGE_LOOP_ANALYSIS = YES;
				CLANG_WARN_STRICT_PROTOTYPES = YES;
				CLANG_WARN_SUSPICIOUS_MOVE = YES;
				CLANG_WARN_UNGUARDED_AVAILABILITY = YES_AGGRESSIVE;
				CLANG_WARN_UNREACHABLE_CODE = YES;
				CLANG_WARN__DUPLICATE_METHOD_MATCH = YES;
				COPY_PHASE_STRIP = NO;
				DEBUG_INFORMATION_FORMAT = dwarf;
				ENABLE_STRICT_OBJC_MSGSEND = YES;
				ENABLE_TESTABILITY = YES;
				ENABLE_USER_SCRIPT_SANDBOXING = YES;
				GCC_C_LANGUAGE_STANDARD = gnu17;
				GCC_DYNAMIC_NO_PIC = NO;
				GCC_NO_COMMON_BLOCKS = YES;
				GCC_OPTIMIZATION_LEVEL = 0;
				GCC_PREPROCESSOR_DEFINITIONS = (
					"DEBUG=1",
					"$(inherited)",
				);
				GCC_WARN_64_TO_32_BIT_CONVERSION = YES;
				GCC_WARN_ABOUT_RETURN_TYPE = YES_ERROR;
				GCC_WARN_UNDECLARED_SELECTOR = YES;
				GCC_WARN_UNINITIALIZED_AUTOS = YES_AGGRESSIVE;
				GCC_WARN_UNUSED_FUNCTION = YES;
				GCC_WARN_UNUSED_VARIABLE = YES;
				IPHONEOS_DEPLOYMENT_TARGET = 17.4;
				LOCALIZATION_PREFERS_STRING_CATALOGS = YES;
				MTL_ENABLE_DEBUG_INFO = INCLUDE_SOURCE;
				MTL_FAST_MATH = YES;
				ONLY_ACTIVE_ARCH = YES;
				SDKROOT = iphoneos;
				SWIFT_ACTIVE_COMPILATION_CONDITIONS = "DEBUG $(inherited)";
				SWIFT_OPTIMIZATION_LEVEL = "-Onone";
			};
			name = Debug;
		};
		30C0CC962C41BC2F00D194B0 /* Release */ = {
			isa = XCBuildConfiguration;
			buildSettings = {
				ALWAYS_SEARCH_USER_PATHS = NO;
				ASSETCATALOG_COMPILER_GENERATE_SWIFT_ASSET_SYMBOL_EXTENSIONS = YES;
				CLANG_ANALYZER_NONNULL = YES;
				CLANG_ANALYZER_NUMBER_OBJECT_CONVERSION = YES_AGGRESSIVE;
				CLANG_CXX_LANGUAGE_STANDARD = "gnu++20";
				CLANG_ENABLE_MODULES = YES;
				CLANG_ENABLE_OBJC_ARC = YES;
				CLANG_ENABLE_OBJC_WEAK = YES;
				CLANG_WARN_BLOCK_CAPTURE_AUTORELEASING = YES;
				CLANG_WARN_BOOL_CONVERSION = YES;
				CLANG_WARN_COMMA = YES;
				CLANG_WARN_CONSTANT_CONVERSION = YES;
				CLANG_WARN_DEPRECATED_OBJC_IMPLEMENTATIONS = YES;
				CLANG_WARN_DIRECT_OBJC_ISA_USAGE = YES_ERROR;
				CLANG_WARN_DOCUMENTATION_COMMENTS = YES;
				CLANG_WARN_EMPTY_BODY = YES;
				CLANG_WARN_ENUM_CONVERSION = YES;
				CLANG_WARN_INFINITE_RECURSION = YES;
				CLANG_WARN_INT_CONVERSION = YES;
				CLANG_WARN_NON_LITERAL_NULL_CONVERSION = YES;
				CLANG_WARN_OBJC_IMPLICIT_RETAIN_SELF = YES;
				CLANG_WARN_OBJC_LITERAL_CONVERSION = YES;
				CLANG_WARN_OBJC_ROOT_CLASS = YES_ERROR;
				CLANG_WARN_QUOTED_INCLUDE_IN_FRAMEWORK_HEADER = YES;
				CLANG_WARN_RANGE_LOOP_ANALYSIS = YES;
				CLANG_WARN_STRICT_PROTOTYPES = YES;
				CLANG_WARN_SUSPICIOUS_MOVE = YES;
				CLANG_WARN_UNGUARDED_AVAILABILITY = YES_AGGRESSIVE;
				CLANG_WARN_UNREACHABLE_CODE = YES;
				CLANG_WARN__DUPLICATE_METHOD_MATCH = YES;
				COPY_PHASE_STRIP = NO;
				DEBUG_INFORMATION_FORMAT = "dwarf-with-dsym";
				ENABLE_NS_ASSERTIONS = NO;
				ENABLE_STRICT_OBJC_MSGSEND = YES;
				ENABLE_USER_SCRIPT_SANDBOXING = YES;
				GCC_C_LANGUAGE_STANDARD = gnu17;
				GCC_NO_COMMON_BLOCKS = YES;
				GCC_WARN_64_TO_32_BIT_CONVERSION = YES;
				GCC_WARN_ABOUT_RETURN_TYPE = YES_ERROR;
				GCC_WARN_UNDECLARED_SELECTOR = YES;
				GCC_WARN_UNINITIALIZED_AUTOS = YES_AGGRESSIVE;
				GCC_WARN_UNUSED_FUNCTION = YES;
				GCC_WARN_UNUSED_VARIABLE = YES;
				IPHONEOS_DEPLOYMENT_TARGET = 17.4;
				LOCALIZATION_PREFERS_STRING_CATALOGS = YES;
				MTL_ENABLE_DEBUG_INFO = NO;
				MTL_FAST_MATH = YES;
				SDKROOT = iphoneos;
				SWIFT_COMPILATION_MODE = wholemodule;
				VALIDATE_PRODUCT = YES;
			};
			name = Release;
		};
		30C0CC982C41BC2F00D194B0 /* Debug */ = {
			isa = XCBuildConfiguration;
			buildSettings = {
				ASSETCATALOG_COMPILER_APPICON_NAME = AppIcon;
				ASSETCATALOG_COMPILER_GLOBAL_ACCENT_COLOR_NAME = AccentColor;
				CODE_SIGN_STYLE = Automatic;
				CURRENT_PROJECT_VERSION = 1;
				GENERATE_INFOPLIST_FILE = YES;
				INFOPLIST_FILE = AquaSteptracker/Info.plist;
				INFOPLIST_KEY_UIApplicationSupportsIndirectInputEvents = YES;
				INFOPLIST_KEY_UILaunchStoryboardName = LaunchScreen;
				INFOPLIST_KEY_UIMainStoryboardFile = Main;
				INFOPLIST_KEY_UISupportedInterfaceOrientations = UIInterfaceOrientationPortrait;
				INFOPLIST_KEY_UISupportedInterfaceOrientations_iPad = "UIInterfaceOrientationLandscapeLeft UIInterfaceOrientationLandscapeRight UIInterfaceOrientationPortrait UIInterfaceOrientationPortraitUpsideDown";
				IPHONEOS_DEPLOYMENT_TARGET = 15.0;
				LD_RUNPATH_SEARCH_PATHS = (
					"$(inherited)",
					"@executable_path/Frameworks",
				);
				MARKETING_VERSION = 1.0;
				PRODUCT_BUNDLE_IDENTIFIER = home.AquaSteptracker;
				PRODUCT_NAME = "$(TARGET_NAME)";
				SUPPORTED_PLATFORMS = "iphoneos iphonesimulator";
				SUPPORTS_MACCATALYST = NO;
				SUPPORTS_MAC_DESIGNED_FOR_IPHONE_IPAD = NO;
				SUPPORTS_XR_DESIGNED_FOR_IPHONE_IPAD = NO;
				SWIFT_EMIT_LOC_STRINGS = YES;
				SWIFT_VERSION = 5.0;
				TARGETED_DEVICE_FAMILY = 1;
			};
			name = Debug;
		};
		30C0CC992C41BC2F00D194B0 /* Release */ = {
			isa = XCBuildConfiguration;
			buildSettings = {
				ASSETCATALOG_COMPILER_APPICON_NAME = AppIcon;
				ASSETCATALOG_COMPILER_GLOBAL_ACCENT_COLOR_NAME = AccentColor;
				CODE_SIGN_STYLE = Automatic;
				CURRENT_PROJECT_VERSION = 1;
				GENERATE_INFOPLIST_FILE = YES;
				INFOPLIST_FILE = AquaSteptracker/Info.plist;
				INFOPLIST_KEY_UIApplicationSupportsIndirectInputEvents = YES;
				INFOPLIST_KEY_UILaunchStoryboardName = LaunchScreen;
				INFOPLIST_KEY_UIMainStoryboardFile = Main;
				INFOPLIST_KEY_UISupportedInterfaceOrientations = UIInterfaceOrientationPortrait;
				INFOPLIST_KEY_UISupportedInterfaceOrientations_iPad = "UIInterfaceOrientationLandscapeLeft UIInterfaceOrientationLandscapeRight UIInterfaceOrientationPortrait UIInterfaceOrientationPortraitUpsideDown";
				IPHONEOS_DEPLOYMENT_TARGET = 15.0;
				LD_RUNPATH_SEARCH_PATHS = (
					"$(inherited)",
					"@executable_path/Frameworks",
				);
				MARKETING_VERSION = 1.0;
				PRODUCT_BUNDLE_IDENTIFIER = home.AquaSteptracker;
				PRODUCT_NAME = "$(TARGET_NAME)";
				SUPPORTED_PLATFORMS = "iphoneos iphonesimulator";
				SUPPORTS_MACCATALYST = NO;
				SUPPORTS_MAC_DESIGNED_FOR_IPHONE_IPAD = NO;
				SUPPORTS_XR_DESIGNED_FOR_IPHONE_IPAD = NO;
				SWIFT_EMIT_LOC_STRINGS = YES;
				SWIFT_VERSION = 5.0;
				TARGETED_DEVICE_FAMILY = 1;
			};
			name = Release;
		};
/* End XCBuildConfiguration section */

/* Begin XCConfigurationList section */
		30C0CC7E2C41BC2D00D194B0 /* Build configuration list for PBXProject "AquaSteptracker" */ = {
			isa = XCConfigurationList;
			buildConfigurations = (
				30C0CC952C41BC2F00D194B0 /* Debug */,
				30C0CC962C41BC2F00D194B0 /* Release */,
			);
			defaultConfigurationIsVisible = 0;
			defaultConfigurationName = Release;
		};
		30C0CC972C41BC2F00D194B0 /* Build configuration list for PBXNativeTarget "AquaSteptracker" */ = {
			isa = XCConfigurationList;
			buildConfigurations = (
				30C0CC982C41BC2F00D194B0 /* Debug */,
				30C0CC992C41BC2F00D194B0 /* Release */,
			);
			defaultConfigurationIsVisible = 0;
			defaultConfigurationName = Release;
		};
/* End XCConfigurationList section */

/* Begin XCVersionGroup section */
		30C0CCB22C42649800D194B0 /* AquaStepTracker.xcdatamodeld */ = {
			isa = XCVersionGroup;
			children = (
				30C0CCB32C42649800D194B0 /* AquaStepTracker.xcdatamodel */,
			);
			currentVersion = 30C0CCB32C42649800D194B0 /* AquaStepTracker.xcdatamodel */;
			name = AquaStepTracker.xcdatamodeld;
			path = /Users/roman/Downloads/XcodeProgramm/AquaSteptracker/AquaSteptracker/CoreData/AquaStepTracker.xcdatamodeld;
			sourceTree = "<group>";
			versionGroupType = wrapper.xcdatamodel;
		};
/* End XCVersionGroup section */
	};
	rootObject = 30C0CC7B2C41BC2D00D194B0 /* Project object */;
}
